dependencies:
- name: node-exporter
  repository: https://charts.bitnami.com/bitnami
  version: 3.5.1
- name: kube-state-metrics
  repository: https://charts.bitnami.com/bitnami
  version: 3.4.2
- name: common
  repository: https://charts.bitnami.com/bitnami
  version: 2.4.0
digest: sha256:eebb6b4de8fe9063ae72c824e3b8eae5a1d375bc36d99e93dd9d415fb0ff41f5
generated: "2023-05-18T23:47:45.103019211+02:00"
