dependencies:
- name: memcached
  repository: https://charts.bitnami.com/bitnami
  version: 6.5.2
- name: memcached
  repository: https://charts.bitnami.com/bitnami
  version: 6.5.2
- name: memcached
  repository: https://charts.bitnami.com/bitnami
  version: 6.5.2
- name: memcached
  repository: https://charts.bitnami.com/bitnami
  version: 6.5.2
- name: common
  repository: https://charts.bitnami.com/bitnami
  version: 2.4.0
digest: sha256:4de3bcdffab9748119841b1afc1c07fa52ba495387bfccc147dbd605565ed97a
generated: "2023-06-01T19:08:32.003145709+02:00"
